{
  "requires": true,
  "lockfileVersion": 1,
  "dependencies": {
    "bootstrap": {
      "version": "4.3.1",
      "resolved": "https://registry.npmjs.org/bootstrap/-/bootstrap-4.3.1.tgz",
      "integrity": "sha512-rXqOmH1VilAt2DyPzluTi2blhk17bO7ef+zLLPlWvG494pDxcM234pJ8wTc/6R40UWizAIIMgxjvxZg5kmsbag=="
    },
    "password-validator": {
      "version": "5.0.2",
      "resolved": "https://registry.npmjs.org/password-validator/-/password-validator-5.0.2.tgz",
      "integrity": "sha512-MW+bPS0FbADAXeFm2N5f2iBcULQMvKly+6fOvAyeTEpD0N10kL/H9hmn36kKhIGKvGYl1bwb+f5rpBAjTrtIhg=="
    },
    "validator": {
      "version": "11.1.0",
      "resolved": "https://registry.npmjs.org/validator/-/validator-11.1.0.tgz",
      "integrity": "sha512-qiQ5ktdO7CD6C/5/mYV4jku/7qnqzjrxb3C/Q5wR3vGGinHTgJZN/TdFT3ZX4vXhX2R1PXx42fB1cn5W+uJ4lg=="
    }
  }
}
